// !$*UTF8*$!
{
	archiveVersion = 1;
	classes = {
	};
	objectVersion = 55;
	objects = {

/* Begin PBXBuildFile section */
		B8239CE728E9B62500B63850 /* cardFlip.wav in Resources */ = {isa = PBXBuildFile; fileRef = B8239CE628E9B62500B63850 /* cardFlip.wav */; };
		B826B1CC28B79B69009EEC3F /* LearningCardVC.swift in Sources */ = {isa = PBXBuildFile; fileRef = B826B1CB28B79B69009EEC3F /* LearningCardVC.swift */; };
		B828B74E28A0318500E5B14C /* CollectionCell.swift in Sources */ = {isa = PBXBuildFile; fileRef = B828B74D28A0318500E5B14C /* CollectionCell.swift */; };
		B829A09E28B27E1100F34A70 /* LearnVC.swift in Sources */ = {isa = PBXBuildFile; fileRef = B829A09D28B27E1100F34A70 /* LearnVC.swift */; };
		B829A0A128B27E3700F34A70 /* LearnCell.swift in Sources */ = {isa = PBXBuildFile; fileRef = B829A0A028B27E3700F34A70 /* LearnCell.swift */; };
		B842E0C128E9F5990007D316 /* next.wav in Resources */ = {isa = PBXBuildFile; fileRef = B842E0C028E9F5990007D316 /* next.wav */; };
		B84CDAE928AD43D000072232 /* CardCell.swift in Sources */ = {isa = PBXBuildFile; fileRef = B84CDAE828AD43D000072232 /* CardCell.swift */; };
		B8DBA250289BF35B00DA93F0 /* AppDelegate.swift in Sources */ = {isa = PBXBuildFile; fileRef = B8DBA24F289BF35B00DA93F0 /* AppDelegate.swift */; };
		B8DBA252289BF35B00DA93F0 /* SceneDelegate.swift in Sources */ = {isa = PBXBuildFile; fileRef = B8DBA251289BF35B00DA93F0 /* SceneDelegate.swift */; };
		B8DBA254289BF35B00DA93F0 /* BaseVC.swift in Sources */ = {isa = PBXBuildFile; fileRef = B8DBA253289BF35B00DA93F0 /* BaseVC.swift */; };
		B8DBA257289BF35B00DA93F0 /* Main.storyboard in Resources */ = {isa = PBXBuildFile; fileRef = B8DBA255289BF35B00DA93F0 /* Main.storyboard */; };
		B8DBA259289BF35E00DA93F0 /* Assets.xcassets in Resources */ = {isa = PBXBuildFile; fileRef = B8DBA258289BF35E00DA93F0 /* Assets.xcassets */; };
		B8DBA25C289BF35E00DA93F0 /* LaunchScreen.storyboard in Resources */ = {isa = PBXBuildFile; fileRef = B8DBA25A289BF35E00DA93F0 /* LaunchScreen.storyboard */; };
		B8DBA264289BF41300DA93F0 /* Collection.swift in Sources */ = {isa = PBXBuildFile; fileRef = B8DBA263289BF41300DA93F0 /* Collection.swift */; };
		B8DBA266289BF46E00DA93F0 /* ContentModel.swift in Sources */ = {isa = PBXBuildFile; fileRef = B8DBA265289BF46E00DA93F0 /* ContentModel.swift */; };
		B8FA89CA28ABFCB4006DD571 /* CollectionsListVC.swift in Sources */ = {isa = PBXBuildFile; fileRef = B8FA89C928ABFCB4006DD571 /* CollectionsListVC.swift */; };
		B8FA89CC28ABFD4F006DD571 /* CardsVC.swift in Sources */ = {isa = PBXBuildFile; fileRef = B8FA89CB28ABFD4F006DD571 /* CardsVC.swift */; };
/* End PBXBuildFile section */

/* Begin PBXFileReference section */
		B8239CE628E9B62500B63850 /* cardFlip.wav */ = {isa = PBXFileReference; lastKnownFileType = audio.wav; path = cardFlip.wav; sourceTree = "<group>"; };
		B826B1CB28B79B69009EEC3F /* LearningCardVC.swift */ = {isa = PBXFileReference; lastKnownFileType = sourcecode.swift; path = LearningCardVC.swift; sourceTree = "<group>"; };
		B828B74D28A0318500E5B14C /* CollectionCell.swift */ = {isa = PBXFileReference; lastKnownFileType = sourcecode.swift; path = CollectionCell.swift; sourceTree = "<group>"; };
		B829A09D28B27E1100F34A70 /* LearnVC.swift */ = {isa = PBXFileReference; lastKnownFileType = sourcecode.swift; path = LearnVC.swift; sourceTree = "<group>"; };
		B829A0A028B27E3700F34A70 /* LearnCell.swift */ = {isa = PBXFileReference; lastKnownFileType = sourcecode.swift; path = LearnCell.swift; sourceTree = "<group>"; };
		B842E0C028E9F5990007D316 /* next.wav */ = {isa = PBXFileReference; lastKnownFileType = audio.wav; path = next.wav; sourceTree = "<group>"; };
		B84CDAE828AD43D000072232 /* CardCell.swift */ = {isa = PBXFileReference; lastKnownFileType = sourcecode.swift; path = CardCell.swift; sourceTree = "<group>"; };
		B8DBA24C289BF35B00DA93F0 /* LearnWithCards.app */ = {isa = PBXFileReference; explicitFileType = wrapper.application; includeInIndex = 0; path = LearnWithCards.app; sourceTree = BUILT_PRODUCTS_DIR; };
		B8DBA24F289BF35B00DA93F0 /* AppDelegate.swift */ = {isa = PBXFileReference; lastKnownFileType = sourcecode.swift; path = AppDelegate.swift; sourceTree = "<group>"; };
		B8DBA251289BF35B00DA93F0 /* SceneDelegate.swift */ = {isa = PBXFileReference; lastKnownFileType = sourcecode.swift; path = SceneDelegate.swift; sourceTree = "<group>"; };
		B8DBA253289BF35B00DA93F0 /* BaseVC.swift */ = {isa = PBXFileReference; lastKnownFileType = sourcecode.swift; path = BaseVC.swift; sourceTree = "<group>"; };
		B8DBA256289BF35B00DA93F0 /* Base */ = {isa = PBXFileReference; lastKnownFileType = file.storyboard; name = Base; path = Base.lproj/Main.storyboard; sourceTree = "<group>"; };
		B8DBA258289BF35E00DA93F0 /* Assets.xcassets */ = {isa = PBXFileReference; lastKnownFileType = folder.assetcatalog; path = Assets.xcassets; sourceTree = "<group>"; };
		B8DBA25B289BF35E00DA93F0 /* Base */ = {isa = PBXFileReference; lastKnownFileType = file.storyboard; name = Base; path = Base.lproj/LaunchScreen.storyboard; sourceTree = "<group>"; };
		B8DBA25D289BF35E00DA93F0 /* Info.plist */ = {isa = PBXFileReference; lastKnownFileType = text.plist.xml; path = Info.plist; sourceTree = "<group>"; };
		B8DBA263289BF41300DA93F0 /* Collection.swift */ = {isa = PBXFileReference; lastKnownFileType = sourcecode.swift; path = Collection.swift; sourceTree = "<group>"; };
		B8DBA265289BF46E00DA93F0 /* ContentModel.swift */ = {isa = PBXFileReference; lastKnownFileType = sourcecode.swift; path = ContentModel.swift; sourceTree = "<group>"; };
		B8FA89C928ABFCB4006DD571 /* CollectionsListVC.swift */ = {isa = PBXFileReference; lastKnownFileType = sourcecode.swift; path = CollectionsListVC.swift; sourceTree = "<group>"; };
		B8FA89CB28ABFD4F006DD571 /* CardsVC.swift */ = {isa = PBXFileReference; lastKnownFileType = sourcecode.swift; path = CardsVC.swift; sourceTree = "<group>"; };
/* End PBXFileReference section */

/* Begin PBXFrameworksBuildPhase section */
		B8DBA249289BF35B00DA93F0 /* Frameworks */ = {
			isa = PBXFrameworksBuildPhase;
			buildActionMask = 2147483647;
			files = (
			);
			runOnlyForDeploymentPostprocessing = 0;
		};
/* End PBXFrameworksBuildPhase section */

/* Begin PBXGroup section */
		B8239CE228E9B26C00B63850 /* Sound */ = {
			isa = PBXGroup;
			children = (
				B842E0C028E9F5990007D316 /* next.wav */,
				B8239CE628E9B62500B63850 /* cardFlip.wav */,
			);
			path = Sound;
			sourceTree = "<group>";
		};
		B8239CE828E9B77B00B63850 /* Controllers */ = {
			isa = PBXGroup;
			children = (
				B8DBA253289BF35B00DA93F0 /* BaseVC.swift */,
				B8FA89C928ABFCB4006DD571 /* CollectionsListVC.swift */,
				B8FA89CB28ABFD4F006DD571 /* CardsVC.swift */,
				B829A09D28B27E1100F34A70 /* LearnVC.swift */,
				B826B1CB28B79B69009EEC3F /* LearningCardVC.swift */,
			);
			path = Controllers;
			sourceTree = "<group>";
		};
		B8239CE928E9B78F00B63850 /* Views */ = {
			isa = PBXGroup;
			children = (
				B829A0A028B27E3700F34A70 /* LearnCell.swift */,
				B84CDAE828AD43D000072232 /* CardCell.swift */,
				B828B74D28A0318500E5B14C /* CollectionCell.swift */,
			);
			path = Views;
			sourceTree = "<group>";
		};
		B8239CEA28E9B79700B63850 /* Models */ = {
			isa = PBXGroup;
			children = (
				B8DBA263289BF41300DA93F0 /* Collection.swift */,
			);
			path = Models;
			sourceTree = "<group>";
		};
		B8239CEB28E9B79F00B63850 /* ViewModels */ = {
			isa = PBXGroup;
			children = (
				B8DBA265289BF46E00DA93F0 /* ContentModel.swift */,
			);
			path = ViewModels;
			sourceTree = "<group>";
		};
		B8DBA243289BF35B00DA93F0 = {
			isa = PBXGroup;
			children = (
				B8DBA24E289BF35B00DA93F0 /* LearningCards */,
				B8DBA24D289BF35B00DA93F0 /* Products */,
			);
			sourceTree = "<group>";
		};
		B8DBA24D289BF35B00DA93F0 /* Products */ = {
			isa = PBXGroup;
			children = (
				B8DBA24C289BF35B00DA93F0 /* LearnWithCards.app */,
			);
			name = Products;
			sourceTree = "<group>";
		};
		B8DBA24E289BF35B00DA93F0 /* LearningCards */ = {
			isa = PBXGroup;
			children = (
				B8DBA24F289BF35B00DA93F0 /* AppDelegate.swift */,
				B8DBA251289BF35B00DA93F0 /* SceneDelegate.swift */,
				B8239CE828E9B77B00B63850 /* Controllers */,
				B8239CE928E9B78F00B63850 /* Views */,
				B8239CEB28E9B79F00B63850 /* ViewModels */,
				B8239CEA28E9B79700B63850 /* Models */,
				B8239CE228E9B26C00B63850 /* Sound */,
				B8DBA255289BF35B00DA93F0 /* Main.storyboard */,
				B8DBA258289BF35E00DA93F0 /* Assets.xcassets */,
				B8DBA25A289BF35E00DA93F0 /* LaunchScreen.storyboard */,
				B8DBA25D289BF35E00DA93F0 /* Info.plist */,
			);
			path = LearningCards;
			sourceTree = "<group>";
		};
/* End PBXGroup section */

/* Begin PBXNativeTarget section */
		B8DBA24B289BF35B00DA93F0 /* LearnWithCards */ = {
			isa = PBXNativeTarget;
			buildConfigurationList = B8DBA260289BF35E00DA93F0 /* Build configuration list for PBXNativeTarget "LearnWithCards" */;
			buildPhases = (
				B8DBA248289BF35B00DA93F0 /* Sources */,
				B8DBA249289BF35B00DA93F0 /* Frameworks */,
				B8DBA24A289BF35B00DA93F0 /* Resources */,
			);
			buildRules = (
			);
			dependencies = (
			);
			name = LearnWithCards;
			productName = LearningCards;
			productReference = B8DBA24C289BF35B00DA93F0 /* LearnWithCards.app */;
			productType = "com.apple.product-type.application";
		};
/* End PBXNativeTarget section */

/* Begin PBXProject section */
		B8DBA244289BF35B00DA93F0 /* Project object */ = {
			isa = PBXProject;
			attributes = {
				BuildIndependentTargetsInParallel = 1;
				LastSwiftUpdateCheck = 1330;
				LastUpgradeCheck = 1330;
				TargetAttributes = {
					B8DBA24B289BF35B00DA93F0 = {
						CreatedOnToolsVersion = 13.3.1;
					};
				};
			};
			buildConfigurationList = B8DBA247289BF35B00DA93F0 /* Build configuration list for PBXProject "LearnWithCards" */;
			compatibilityVersion = "Xcode 13.0";
			developmentRegion = en;
			hasScannedForEncodings = 0;
			knownRegions = (
				en,
				Base,
			);
			mainGroup = B8DBA243289BF35B00DA93F0;
			productRefGroup = B8DBA24D289BF35B00DA93F0 /* Products */;
			projectDirPath = "";
			projectRoot = "";
			targets = (
				B8DBA24B289BF35B00DA93F0 /* LearnWithCards */,
			);
		};
/* End PBXProject section */

/* Begin PBXResourcesBuildPhase section */
		B8DBA24A289BF35B00DA93F0 /* Resources */ = {
			isa = PBXResourcesBuildPhase;
			buildActionMask = 2147483647;
			files = (
				B842E0C128E9F5990007D316 /* next.wav in Resources */,
				B8239CE728E9B62500B63850 /* cardFlip.wav in Resources */,
				B8DBA25C289BF35E00DA93F0 /* LaunchScreen.storyboard in Resources */,
				B8DBA259289BF35E00DA93F0 /* Assets.xcassets in Resources */,
				B8DBA257289BF35B00DA93F0 /* Main.storyboard in Resources */,
			);
			runOnlyForDeploymentPostprocessing = 0;
		};
/* End PBXResourcesBuildPhase section */

/* Begin PBXSourcesBuildPhase section */
		B8DBA248289BF35B00DA93F0 /* Sources */ = {
			isa = PBXSourcesBuildPhase;
			buildActionMask = 2147483647;
			files = (
				B8DBA254289BF35B00DA93F0 /* BaseVC.swift in Sources */,
				B829A09E28B27E1100F34A70 /* LearnVC.swift in Sources */,
				B8DBA264289BF41300DA93F0 /* Collection.swift in Sources */,
				B8DBA266289BF46E00DA93F0 /* ContentModel.swift in Sources */,
				B828B74E28A0318500E5B14C /* CollectionCell.swift in Sources */,
				B8DBA250289BF35B00DA93F0 /* AppDelegate.swift in Sources */,
				B8DBA252289BF35B00DA93F0 /* SceneDelegate.swift in Sources */,
				B829A0A128B27E3700F34A70 /* LearnCell.swift in Sources */,
				B8FA89CC28ABFD4F006DD571 /* CardsVC.swift in Sources */,
				B8FA89CA28ABFCB4006DD571 /* CollectionsListVC.swift in Sources */,
				B826B1CC28B79B69009EEC3F /* LearningCardVC.swift in Sources */,
				B84CDAE928AD43D000072232 /* CardCell.swift in Sources */,
			);
			runOnlyForDeploymentPostprocessing = 0;
		};
/* End PBXSourcesBuildPhase section */

/* Begin PBXVariantGroup section */
		B8DBA255289BF35B00DA93F0 /* Main.storyboard */ = {
			isa = PBXVariantGroup;
			children = (
				B8DBA256289BF35B00DA93F0 /* Base */,
			);
			name = Main.storyboard;
			sourceTree = "<group>";
		};
		B8DBA25A289BF35E00DA93F0 /* LaunchScreen.storyboard */ = {
			isa = PBXVariantGroup;
			children = (
				B8DBA25B289BF35E00DA93F0 /* Base */,
			);
			name = LaunchScreen.storyboard;
			sourceTree = "<group>";
		};
/* End PBXVariantGroup section */

/* Begin XCBuildConfiguration section */
		B8DBA25E289BF35E00DA93F0 /* Debug */ = {
			isa = XCBuildConfiguration;
			buildSettings = {
				ALWAYS_SEARCH_USER_PATHS = NO;
				CLANG_ANALYZER_NONNULL = YES;
				CLANG_ANALYZER_NUMBER_OBJECT_CONVERSION = YES_AGGRESSIVE;
				CLANG_CXX_LANGUAGE_STANDARD = "gnu++17";
				CLANG_ENABLE_MODULES = YES;
				CLANG_ENABLE_OBJC_ARC = YES;
				CLANG_ENABLE_OBJC_WEAK = YES;
				CLANG_WARN_BLOCK_CAPTURE_AUTORELEASING = YES;
				CLANG_WARN_BOOL_CONVERSION = YES;
				CLANG_WARN_COMMA = YES;
				CLANG_WARN_CONSTANT_CONVERSION = YES;
				CLANG_WARN_DEPRECATED_OBJC_IMPLEMENTATIONS = YES;
				CLANG_WARN_DIRECT_OBJC_ISA_USAGE = YES_ERROR;
				CLANG_WARN_DOCUMENTATION_COMMENTS = YES;
				CLANG_WARN_EMPTY_BODY = YES;
				CLANG_WARN_ENUM_CONVERSION = YES;
				CLANG_WARN_INFINITE_RECURSION = YES;
				CLANG_WARN_INT_CONVERSION = YES;
				CLANG_WARN_NON_LITERAL_NULL_CONVERSION = YES;
				CLANG_WARN_OBJC_IMPLICIT_RETAIN_SELF = YES;
				CLANG_WARN_OBJC_LITERAL_CONVERSION = YES;
				CLANG_WARN_OBJC_ROOT_CLASS = YES_ERROR;
				CLANG_WARN_QUOTED_INCLUDE_IN_FRAMEWORK_HEADER = YES;
				CLANG_WARN_RANGE_LOOP_ANALYSIS = YES;
				CLANG_WARN_STRICT_PROTOTYPES = YES;
				CLANG_WARN_SUSPICIOUS_MOVE = YES;
				CLANG_WARN_UNGUARDED_AVAILABILITY = YES_AGGRESSIVE;
				CLANG_WARN_UNREACHABLE_CODE = YES;
				CLANG_WARN__DUPLICATE_METHOD_MATCH = YES;
				COPY_PHASE_STRIP = NO;
				DEBUG_INFORMATION_FORMAT = dwarf;
				ENABLE_STRICT_OBJC_MSGSEND = YES;
				ENABLE_TESTABILITY = YES;
				GCC_C_LANGUAGE_STANDARD = gnu11;
				GCC_DYNAMIC_NO_PIC = NO;
				GCC_NO_COMMON_BLOCKS = YES;
				GCC_OPTIMIZATION_LEVEL = 0;
				GCC_PREPROCESSOR_DEFINITIONS = (
					"DEBUG=1",
					"$(inherited)",
				);
				GCC_WARN_64_TO_32_BIT_CONVERSION = YES;
				GCC_WARN_ABOUT_RETURN_TYPE = YES_ERROR;
				GCC_WARN_UNDECLARED_SELECTOR = YES;
				GCC_WARN_UNINITIALIZED_AUTOS = YES_AGGRESSIVE;
				GCC_WARN_UNUSED_FUNCTION = YES;
				GCC_WARN_UNUSED_VARIABLE = YES;
				IPHONEOS_DEPLOYMENT_TARGET = 15.4;
				MTL_ENABLE_DEBUG_INFO = INCLUDE_SOURCE;
				MTL_FAST_MATH = YES;
				ONLY_ACTIVE_ARCH = YES;
				SDKROOT = iphoneos;
				SWIFT_ACTIVE_COMPILATION_CONDITIONS = DEBUG;
				SWIFT_OPTIMIZATION_LEVEL = "-Onone";
			};
			name = Debug;
		};
		B8DBA25F289BF35E00DA93F0 /* Release */ = {
			isa = XCBuildConfiguration;
			buildSettings = {
				ALWAYS_SEARCH_USER_PATHS = NO;
				CLANG_ANALYZER_NONNULL = YES;
				CLANG_ANALYZER_NUMBER_OBJECT_CONVERSION = YES_AGGRESSIVE;
				CLANG_CXX_LANGUAGE_STANDARD = "gnu++17";
				CLANG_ENABLE_MODULES = YES;
				CLANG_ENABLE_OBJC_ARC = YES;
				CLANG_ENABLE_OBJC_WEAK = YES;
				CLANG_WARN_BLOCK_CAPTURE_AUTORELEASING = YES;
				CLANG_WARN_BOOL_CONVERSION = YES;
				CLANG_WARN_COMMA = YES;
				CLANG_WARN_CONSTANT_CONVERSION = YES;
				CLANG_WARN_DEPRECATED_OBJC_IMPLEMENTATIONS = YES;
				CLANG_WARN_DIRECT_OBJC_ISA_USAGE = YES_ERROR;
				CLANG_WARN_DOCUMENTATION_COMMENTS = YES;
				CLANG_WARN_EMPTY_BODY = YES;
				CLANG_WARN_ENUM_CONVERSION = YES;
				CLANG_WARN_INFINITE_RECURSION = YES;
				CLANG_WARN_INT_CONVERSION = YES;
				CLANG_WARN_NON_LITERAL_NULL_CONVERSION = YES;
				CLANG_WARN_OBJC_IMPLICIT_RETAIN_SELF = YES;
				CLANG_WARN_OBJC_LITERAL_CONVERSION = YES;
				CLANG_WARN_OBJC_ROOT_CLASS = YES_ERROR;
				CLANG_WARN_QUOTED_INCLUDE_IN_FRAMEWORK_HEADER = YES;
				CLANG_WARN_RANGE_LOOP_ANALYSIS = YES;
				CLANG_WARN_STRICT_PROTOTYPES = YES;
				CLANG_WARN_SUSPICIOUS_MOVE = YES;
				CLANG_WARN_UNGUARDED_AVAILABILITY = YES_AGGRESSIVE;
				CLANG_WARN_UNREACHABLE_CODE = YES;
				CLANG_WARN__DUPLICATE_METHOD_MATCH = YES;
				COPY_PHASE_STRIP = NO;
				DEBUG_INFORMATION_FORMAT = "dwarf-with-dsym";
				ENABLE_NS_ASSERTIONS = NO;
				ENABLE_STRICT_OBJC_MSGSEND = YES;
				GCC_C_LANGUAGE_STANDARD = gnu11;
				GCC_NO_COMMON_BLOCKS = YES;
				GCC_WARN_64_TO_32_BIT_CONVERSION = YES;
				GCC_WARN_ABOUT_RETURN_TYPE = YES_ERROR;
				GCC_WARN_UNDECLARED_SELECTOR = YES;
				GCC_WARN_UNINITIALIZED_AUTOS = YES_AGGRESSIVE;
				GCC_WARN_UNUSED_FUNCTION = YES;
				GCC_WARN_UNUSED_VARIABLE = YES;
				IPHONEOS_DEPLOYMENT_TARGET = 15.4;
				MTL_ENABLE_DEBUG_INFO = NO;
				MTL_FAST_MATH = YES;
				SDKROOT = iphoneos;
				SWIFT_COMPILATION_MODE = wholemodule;
				SWIFT_OPTIMIZATION_LEVEL = "-O";
				VALIDATE_PRODUCT = YES;
			};
			name = Release;
		};
		B8DBA261289BF35E00DA93F0 /* Debug */ = {
			isa = XCBuildConfiguration;
			buildSettings = {
				ASSETCATALOG_COMPILER_APPICON_NAME = AppIcon;
				ASSETCATALOG_COMPILER_GLOBAL_ACCENT_COLOR_NAME = AccentColor;
				CODE_SIGN_STYLE = Automatic;
				CURRENT_PROJECT_VERSION = 1;
				DEVELOPMENT_TEAM = G77J479352;
				GENERATE_INFOPLIST_FILE = YES;
				INFOPLIST_FILE = LearningCards/Info.plist;
				INFOPLIST_KEY_UIApplicationSupportsIndirectInputEvents = YES;
				INFOPLIST_KEY_UILaunchStoryboardName = LaunchScreen;
				INFOPLIST_KEY_UIMainStoryboardFile = Main;
				INFOPLIST_KEY_UISupportedInterfaceOrientations_iPad = "UIInterfaceOrientationPortrait UIInterfaceOrientationPortraitUpsideDown UIInterfaceOrientationLandscapeLeft UIInterfaceOrientationLandscapeRight";
				INFOPLIST_KEY_UISupportedInterfaceOrientations_iPhone = "UIInterfaceOrientationPortrait UIInterfaceOrientationLandscapeLeft UIInterfaceOrientationLandscapeRight";
				LD_RUNPATH_SEARCH_PATHS = (
					"$(inherited)",
					"@executable_path/Frameworks",
				);
				MARKETING_VERSION = 1.0;
				PRODUCT_BUNDLE_IDENTIFIER = com.artkurbatov.LearnWithCards;
				PRODUCT_NAME = "$(TARGET_NAME)";
				SWIFT_EMIT_LOC_STRINGS = YES;
				SWIFT_VERSION = 5.0;
				TARGETED_DEVICE_FAMILY = "1,2";
			};
			name = Debug;
		};
		B8DBA262289BF35E00DA93F0 /* Release */ = {
			isa = XCBuildConfiguration;
			buildSettings = {
				ASSETCATALOG_COMPILER_APPICON_NAME = AppIcon;
				ASSETCATALOG_COMPILER_GLOBAL_ACCENT_COLOR_NAME = AccentColor;
				CODE_SIGN_STYLE = Automatic;
				CURRENT_PROJECT_VERSION = 1;
				DEVELOPMENT_TEAM = G77J479352;
				GENERATE_INFOPLIST_FILE = YES;
				INFOPLIST_FILE = LearningCards/Info.plist;
				INFOPLIST_KEY_UIApplicationSupportsIndirectInputEvents = YES;
				INFOPLIST_KEY_UILaunchStoryboardName = LaunchScreen;
				INFOPLIST_KEY_UIMainStoryboardFile = Main;
				INFOPLIST_KEY_UISupportedInterfaceOrientations_iPad = "UIInterfaceOrientationPortrait UIInterfaceOrientationPortraitUpsideDown UIInterfaceOrientationLandscapeLeft UIInterfaceOrientationLandscapeRight";
				INFOPLIST_KEY_UISupportedInterfaceOrientations_iPhone = "UIInterfaceOrientationPortrait UIInterfaceOrientationLandscapeLeft UIInterfaceOrientationLandscapeRight";
				LD_RUNPATH_SEARCH_PATHS = (
					"$(inherited)",
					"@executable_path/Frameworks",
				);
				MARKETING_VERSION = 1.0;
				PRODUCT_BUNDLE_IDENTIFIER = com.artkurbatov.LearnWithCards;
				PRODUCT_NAME = "$(TARGET_NAME)";
				SWIFT_EMIT_LOC_STRINGS = YES;
				SWIFT_VERSION = 5.0;
				TARGETED_DEVICE_FAMILY = "1,2";
			};
			name = Release;
		};
/* End XCBuildConfiguration section */

/* Begin XCConfigurationList section */
		B8DBA247289BF35B00DA93F0 /* Build configuration list for PBXProject "LearnWithCards" */ = {
			isa = XCConfigurationList;
			buildConfigurations = (
				B8DBA25E289BF35E00DA93F0 /* Debug */,
				B8DBA25F289BF35E00DA93F0 /* Release */,
			);
			defaultConfigurationIsVisible = 0;
			defaultConfigurationName = Release;
		};
		B8DBA260289BF35E00DA93F0 /* Build configuration list for PBXNativeTarget "LearnWithCards" */ = {
			isa = XCConfigurationList;
			buildConfigurations = (
				B8DBA261289BF35E00DA93F0 /* Debug */,
				B8DBA262289BF35E00DA93F0 /* Release */,
			);
			defaultConfigurationIsVisible = 0;
			defaultConfigurationName = Release;
		};
/* End XCConfigurationList section */
	};
	rootObject = B8DBA244289BF35B00DA93F0 /* Project object */;
}
